
Microsoft Visual Studio Solution File, Format Version 12.00
# Visual Studio Version 17
VisualStudioVersion = 17.0.31903.59
MinimumVisualStudioVersion = 10.0.40219.1
Project("{9A19103F-16F7-4668-BE54-9A1E7A4F7556}") = "App", "App\App.csproj", "{C393282B-5E1A-48E0-A412-2399878E7BA3}"
EndProject
Project("{FAE04EC0-301F-11D3-BF4B-00C04F79EFBC}") = "Tests", "Tests\Tests\Tests.csproj", "{45182166-B764-4DB0-A274-6E0EBE8A118B}"
EndProject
Global
	GlobalSection(SolutionConfigurationPlatforms) = preSolution
		Debug|Any CPU = Debug|Any CPU
		Release|Any CPU = Release|Any CPU
	EndGlobalSection
	GlobalSection(ProjectConfigurationPlatforms) = postSolution
		{C393282B-5E1A-48E0-A412-2399878E7BA3}.Debug|Any CPU.ActiveCfg = Debug|Any CPU
		{C393282B-5E1A-48E0-A412-2399878E7BA3}.Debug|Any CPU.Build.0 = Debug|Any CPU
		{C393282B-5E1A-48E0-A412-2399878E7BA3}.Release|Any CPU.ActiveCfg = Release|Any CPU
		{C393282B-5E1A-48E0-A412-2399878E7BA3}.Release|Any CPU.Build.0 = Release|Any CPU
		{45182166-B764-4DB0-A274-6E0EBE8A118B}.Debug|Any CPU.ActiveCfg = Debug|Any CPU
		{45182166-B764-4DB0-A274-6E0EBE8A118B}.Debug|Any CPU.Build.0 = Debug|Any CPU
		{45182166-B764-4DB0-A274-6E0EBE8A118B}.Release|Any CPU.ActiveCfg = Release|Any CPU
		{45182166-B764-4DB0-A274-6E0EBE8A118B}.Release|Any CPU.Build.0 = Release|Any CPU
	EndGlobalSection
	GlobalSection(SolutionProperties) = preSolution
		HideSolutionNode = FALSE
	EndGlobalSection
	GlobalSection(ExtensibilityGlobals) = postSolution
		SolutionGuid = {3F8564CB-997F-42AA-886C-CE3E2C09C3A7}
	EndGlobalSection
EndGlobal
